
Microsoft Visual Studio Solution File, Format Version 12.00
# Visual Studio Version 18
VisualStudioVersion = 18.1.11312.151
MinimumVisualStudioVersion = 10.0.40219.1
Project("{2150E333-8FDC-42A3-9474-1A3956D46DE8}") = "2 Substrates", "2 Substrates", "{A1B2C3D4-E5F6-7890-ABCD-EF1234567890}"
EndProject
Project("{2150E333-8FDC-42A3-9474-1A3956D46DE8}") = "3 Cognition", "3 Cognition", "{B2C3D4E5-F6A7-8901-BCDE-F23456789012}"
EndProject
Project("{2150E333-8FDC-42A3-9474-1A3956D46DE8}") = "4 Surfaces", "4 Surfaces", "{C3D4E5F6-A7B8-9012-CDEF-345678901234}"
EndProject
Project("{2150E333-8FDC-42A3-9474-1A3956D46DE8}") = "1 Meta", "1 Meta", "{D4E5F6A7-B8C9-0123-DEF1-456789012345}"
EndProject
Project("{2150E333-8FDC-42A3-9474-1A3956D46DE8}") = "Mercury", "Mercury", "{ADF68131-EC39-4648-B640-E4F2C09EE3D2}"
EndProject
Project("{2150E333-8FDC-42A3-9474-1A3956D46DE8}") = "Minerva", "Minerva", "{E5F6A7B8-C9D0-1234-EF12-567890123456}"
EndProject
Project("{2150E333-8FDC-42A3-9474-1A3956D46DE8}") = "Documentation", "Documentation", "{7FA0A47B-7556-4F7D-869D-744000F071D0}"
	ProjectSection(SolutionItems) = preProject
		CHANGELOG.md = CHANGELOG.md
		CLAUDE.md = CLAUDE.md
		README.md = README.md
		STATISTICS.md = STATISTICS.md
	EndProjectSection
EndProject
Project("{2150E333-8FDC-42A3-9474-1A3956D46DE8}") = "Infrastructure", "Infrastructure", "{6A048219-87B6-4063-9E6B-D76490244A39}"
	ProjectSection(SolutionItems) = preProject
		.gitignore = .gitignore
		Directory.Build.props = Directory.Build.props
	EndProjectSection
EndProject
Project("{2150E333-8FDC-42A3-9474-1A3956D46DE8}") = "Architecture", "Architecture", "{F1A2B3C4-D5E6-7890-ABCD-111111111111}"
EndProject
Project("{2150E333-8FDC-42A3-9474-1A3956D46DE8}") = "Canonical Concepts", "Canonical Concepts", "{F5B6C7D8-E9F0-1234-5678-AAAAAAAAAAAA}"
	ProjectSection(SolutionItems) = preProject
		docs\architecture\concepts\canonical\canonical-definition.md = docs\architecture\concepts\canonical\canonical-definition.md
		docs\architecture\concepts\canonical\domain-catalog.md = docs\architecture\concepts\canonical\domain-catalog.md
		docs\architecture\concepts\canonical\e-clean.md = docs\architecture\concepts\canonical\e-clean.md
		docs\architecture\concepts\canonical\eee-emergence-epistemic-engineering.md = docs\architecture\concepts\canonical\eee-emergence-epistemic-engineering.md
		docs\architecture\concepts\canonical\epistemic-cleanliness.md = docs\architecture\concepts\canonical\epistemic-cleanliness.md
		docs\architecture\concepts\canonical\epistemic-consolidation-protocol-ecp.md = docs\architecture\concepts\canonical\epistemic-consolidation-protocol-ecp.md
		docs\architecture\concepts\canonical\inspect-adapt.md = docs\architecture\concepts\canonical\inspect-adapt.md
		docs\architecture\concepts\canonical\james.md = docs\architecture\concepts\canonical\james.md
		docs\architecture\concepts\canonical\lucy.md = docs\architecture\concepts\canonical\lucy.md
		docs\architecture\concepts\canonical\mira.md = docs\architecture\concepts\canonical\mira.md
		docs\architecture\concepts\canonical\rdf.md = docs\architecture\concepts\canonical\rdf.md
		docs\architecture\concepts\canonical\README.md = docs\architecture\concepts\canonical\README.md
		docs\architecture\concepts\canonical\semantic-architecture.md = docs\architecture\concepts\canonical\semantic-architecture.md
		docs\architecture\concepts\canonical\semantic-core.md = docs\architecture\concepts\canonical\semantic-core.md
		docs\architecture\concepts\canonical\semantic-drift.md = docs\architecture\concepts\canonical\semantic-drift.md
		docs\architecture\concepts\canonical\semantic-registry.md = docs\architecture\concepts\canonical\semantic-registry.md
		docs\architecture\concepts\canonical\sky-omega.md = docs\architecture\concepts\canonical\sky-omega.md
		docs\architecture\concepts\canonical\sparql.md = docs\architecture\concepts\canonical\sparql.md
		docs\architecture\concepts\canonical\structured-intelligence.md = docs\architecture\concepts\canonical\structured-intelligence.md
		docs\architecture\concepts\canonical\technical-domain.md = docs\architecture\concepts\canonical\technical-domain.md
		docs\architecture\concepts\canonical\turtle.md = docs\architecture\concepts\canonical\turtle.md
	EndProjectSection
EndProject
Project("{2150E333-8FDC-42A3-9474-1A3956D46DE8}") = "Narratives", "Narratives", "{F6C7D8E9-F0A1-2345-6789-BBBBBBBBBBBB}"
	ProjectSection(SolutionItems) = preProject
		docs\architecture\narratives\conclusions.md = docs\architecture\narratives\conclusions.md
		docs\architecture\narratives\eee-manifesto.md = docs\architecture\narratives\eee-manifesto.md
		docs\architecture\narratives\sky-omega-convergence.md = docs\architecture\narratives\sky-omega-convergence.md
		docs\architecture\narratives\sky-omega-identity.md = docs\architecture\narratives\sky-omega-identity.md
	EndProjectSection
EndProject
Project("{2150E333-8FDC-42A3-9474-1A3956D46DE8}") = "Technical", "Technical", "{F7D8E9F0-A1B2-3456-789A-CCCCCCCCCCCC}"
	ProjectSection(SolutionItems) = preProject
		docs\architecture\technical\temporal-rdf.md = docs\architecture\technical\temporal-rdf.md
	EndProjectSection
EndProject
Project("{2150E333-8FDC-42A3-9474-1A3956D46DE8}") = "API", "API", "{F2A3B4C5-D6E7-8901-BCDE-222222222222}"
	ProjectSection(SolutionItems) = preProject
		docs\api\api-usage.md = docs\api\api-usage.md
	EndProjectSection
EndProject
Project("{FAE04EC0-301F-11D3-BF4B-00C04F79EFBC}") = "Mercury", "src\Mercury\Mercury.csproj", "{78DA4240-610F-4DE8-A6E0-6E188C2BD45E}"
EndProject
Project("{FAE04EC0-301F-11D3-BF4B-00C04F79EFBC}") = "Mercury.Abstractions", "src\Mercury.Abstractions\Mercury.Abstractions.csproj", "{D7EF052B-113D-4E93-AA47-51BCA51B2A8B}"
EndProject
Project("{FAE04EC0-301F-11D3-BF4B-00C04F79EFBC}") = "Mercury.Runtime", "src\Mercury.Runtime\Mercury.Runtime.csproj", "{3112A9F3-24EA-42E6-83DE-9F0FD07A853B}"
EndProject
Project("{FAE04EC0-301F-11D3-BF4B-00C04F79EFBC}") = "Mercury.Pruning", "src\Mercury.Pruning\Mercury.Pruning.csproj", "{6C606A9D-5C85-4F6A-814A-4A2DF0DDFFBD}"
EndProject
Project("{FAE04EC0-301F-11D3-BF4B-00C04F79EFBC}") = "Mercury.Cli", "src\Mercury.Cli\Mercury.Cli.csproj", "{D2FFD511-9E72-4A03-A197-5C8B01F771C9}"
EndProject
Project("{FAE04EC0-301F-11D3-BF4B-00C04F79EFBC}") = "Mercury.Cli.Turtle", "src\Mercury.Cli.Turtle\Mercury.Cli.Turtle.csproj", "{49B3D608-8699-4B71-A57B-CDB5CD63B052}"
EndProject
Project("{FAE04EC0-301F-11D3-BF4B-00C04F79EFBC}") = "Mercury.Cli.Sparql", "src\Mercury.Cli.Sparql\Mercury.Cli.Sparql.csproj", "{300F163C-C0DC-4216-B0B2-1F26FD1F756A}"
EndProject
Project("{FAE04EC0-301F-11D3-BF4B-00C04F79EFBC}") = "Mercury.Mcp", "src\Mercury.Mcp\Mercury.Mcp.csproj", "{EE0D67DE-27C9-4905-897C-86C705C82C11}"
EndProject
Project("{FAE04EC0-301F-11D3-BF4B-00C04F79EFBC}") = "Mercury.Tests", "tests\Mercury.Tests\Mercury.Tests.csproj", "{B1C2D3E4-F5A6-7890-BCDE-F12345678901}"
EndProject
Project("{FAE04EC0-301F-11D3-BF4B-00C04F79EFBC}") = "Mercury.Benchmarks", "benchmarks\Mercury.Benchmarks\Mercury.Benchmarks.csproj", "{C2D3E4F5-A6B7-8901-CDEF-123456789012}"
EndProject
Project("{FAE04EC0-301F-11D3-BF4B-00C04F79EFBC}") = "Mercury.Examples", "examples\Mercury.Examples\Mercury.Examples.csproj", "{D3E4F5A6-B7C8-9012-DEF1-234567890123}"
EndProject
Project("{2150E333-8FDC-42A3-9474-1A3956D46DE8}") = "ADRs", "ADRs", "{F3A4B5C6-D7E8-9012-CDEF-333333333333}"
	ProjectSection(SolutionItems) = preProject
		docs\adrs\mercury\ADR-001-compaction.md = docs\adrs\mercury\ADR-001-compaction.md
		docs\adrs\mercury\ADR-002-ibuffermanager-adoption.md = docs\adrs\mercury\ADR-002-ibuffermanager-adoption.md
		docs\adrs\mercury\ADR-003-buffer-pattern.md = docs\adrs\mercury\ADR-003-buffer-pattern.md
		docs\adrs\mercury\ADR-004-service-scan-interface.md = docs\adrs\mercury\ADR-004-service-scan-interface.md
		docs\adrs\mercury\ADR-005-quadstore-pooling-and-clear.md = docs\adrs\mercury\ADR-005-quadstore-pooling-and-clear.md
		docs\adrs\mercury\ADR-006-dual-mode-store-access.md = docs\adrs\mercury\ADR-006-dual-mode-store-access.md
		docs\adrs\mercury\ADR-007-union-service-execution.md = docs\adrs\mercury\ADR-007-union-service-execution.md
		docs\adrs\mercury\ADR-008-quadstore-pool-unified.md = docs\adrs\mercury\ADR-008-quadstore-pool-unified.md
		docs\adrs\mercury\ADR-009-stack-overflow-mitigation.md = docs\adrs\mercury\ADR-009-stack-overflow-mitigation.md
		docs\adrs\mercury\ADR-010-w3c-test-suite-integration.md = docs\adrs\mercury\ADR-010-w3c-test-suite-integration.md
		docs\adrs\mercury\README.md = docs\adrs\mercury\README.md
	EndProjectSection
EndProject
Project("{FAE04EC0-301F-11D3-BF4B-00C04F79EFBC}") = "Minerva.Core", "src\Minerva.Core\Minerva.Core.csproj", "{23A7B38F-AFE8-46A2-8737-1F32AE67AA78}"
EndProject
Project("{2150E333-8FDC-42A3-9474-1A3956D46DE8}") = "ADRs", "ADRs", "{F4A5B6C7-D8E9-0123-DEF0-444444444444}"
	ProjectSection(SolutionItems) = preProject
		docs\adrs\minerva\ADR-001-weight-formats.md = docs\adrs\minerva\ADR-001-weight-formats.md
		docs\adrs\minerva\README.md = docs\adrs\minerva\README.md
		docs\adrs\minerva\ADR-002-hardware-acceleration-strategy.md = docs\adrs\minerva\ADR-002-hardware-acceleration-strategy.md
		docs\adrs\minerva\ADR-003-metal-compute-architecture.md = docs\adrs\minerva\ADR-003-metal-compute-architecture.md
	EndProjectSection
EndProject
Project("{2150E333-8FDC-42A3-9474-1A3956D46DE8}") = "5 Tools", "5 Tools", "{323748F7-28B7-4B8A-A5E6-A6D1B2745CDF}"
EndProject
Project("{2150E333-8FDC-42A3-9474-1A3956D46DE8}") = "Tools", "Tools", "{34F2C870-6653-488D-9AD4-7968BED44481}"
EndProject
Project("{FAE04EC0-301F-11D3-BF4B-00C04F79EFBC}") = "SemaphoreTest", "tools\SemaphoreTest\SemaphoreTest.csproj", "{D0532747-C200-4434-B247-B4AF9314DC9C}"
EndProject
Project("{2150E333-8FDC-42A3-9474-1A3956D46DE8}") = "6 Data", "6 Data", "{107FC243-C9C8-41E4-8B10-806DFB2CE0F0}"
EndProject
Project("{2150E333-8FDC-42A3-9474-1A3956D46DE8}") = "FHIR", "FHIR", "{4ADC967D-705C-4C4D-9C5F-01DF634F3154}"
	ProjectSection(SolutionItems) = preProject
		..\..\..\..\..\Volumes\Mercury SSD\fhir\rim.ttl = ..\..\..\..\..\Volumes\Mercury SSD\fhir\rim.ttl
		..\..\..\..\..\Volumes\Mercury SSD\fhir\w5.ttl = ..\..\..\..\..\Volumes\Mercury SSD\fhir\w5.ttl
		..\..\..\..\..\Volumes\Mercury SSD\fhir\fhir.ttl = ..\..\..\..\..\Volumes\Mercury SSD\fhir\fhir.ttl
	EndProjectSection
EndProject
Project("{2150E333-8FDC-42A3-9474-1A3956D46DE8}") = "Ontologies", "Ontologies", "{AA7ED9E6-F41F-4B10-A667-EEAE0D9103F7}"
	ProjectSection(SolutionItems) = preProject
		..\..\..\..\..\Volumes\Mercury SSD\ontologies\dcterms.ttl = ..\..\..\..\..\Volumes\Mercury SSD\ontologies\dcterms.ttl
		..\..\..\..\..\Volumes\Mercury SSD\ontologies\schemaorg.ttl = ..\..\..\..\..\Volumes\Mercury SSD\ontologies\schemaorg.ttl
		..\..\..\..\..\Volumes\Mercury SSD\ontologies\prov-o.ttl = ..\..\..\..\..\Volumes\Mercury SSD\ontologies\prov-o.ttl
	EndProjectSection
EndProject
Project("{2150E333-8FDC-42A3-9474-1A3956D46DE8}") = "src", "src", "{827E0CD3-B72D-47B6-A68D-7590B98EB39B}"
EndProject
Project("{FAE04EC0-301F-11D3-BF4B-00C04F79EFBC}") = "Mercury.Solid", "src\Mercury.Solid\Mercury.Solid.csproj", "{62700C5C-5830-439B-93C6-45BB17413E42}"
EndProject
Project("{2150E333-8FDC-42A3-9474-1A3956D46DE8}") = "tests", "tests", "{0AB3BF05-4346-4AA6-1389-037BE0695223}"
EndProject
Project("{FAE04EC0-301F-11D3-BF4B-00C04F79EFBC}") = "Mercury.Solid.Tests", "tests\Mercury.Solid.Tests\Mercury.Solid.Tests.csproj", "{9F0111E6-9966-44EB-828E-F189DA657C6F}"
EndProject
Project("{FAE04EC0-301F-11D3-BF4B-00C04F79EFBC}") = "Mercury.Sparql.Tool", "src\Mercury.Sparql.Tool\Mercury.Sparql.Tool.csproj", "{17DD9F7A-E895-4CD3-B2CE-B4D514FCAFCA}"
EndProject
Project("{FAE04EC0-301F-11D3-BF4B-00C04F79EFBC}") = "Mercury.Turtle.Tool", "src\Mercury.Turtle.Tool\Mercury.Turtle.Tool.csproj", "{1E1E3888-2CE3-4056-A43B-0244BE4DF693}"
EndProject
Global
	GlobalSection(SolutionConfigurationPlatforms) = preSolution
		Debug|Any CPU = Debug|Any CPU
		Debug|x64 = Debug|x64
		Debug|x86 = Debug|x86
		Release|Any CPU = Release|Any CPU
		Release|x64 = Release|x64
		Release|x86 = Release|x86
	EndGlobalSection
	GlobalSection(ProjectConfigurationPlatforms) = postSolution
		{78DA4240-610F-4DE8-A6E0-6E188C2BD45E}.Debug|Any CPU.ActiveCfg = Debug|Any CPU
		{78DA4240-610F-4DE8-A6E0-6E188C2BD45E}.Debug|Any CPU.Build.0 = Debug|Any CPU
		{78DA4240-610F-4DE8-A6E0-6E188C2BD45E}.Debug|x64.ActiveCfg = Debug|Any CPU
		{78DA4240-610F-4DE8-A6E0-6E188C2BD45E}.Debug|x64.Build.0 = Debug|Any CPU
		{78DA4240-610F-4DE8-A6E0-6E188C2BD45E}.Debug|x86.ActiveCfg = Debug|Any CPU
		{78DA4240-610F-4DE8-A6E0-6E188C2BD45E}.Debug|x86.Build.0 = Debug|Any CPU
		{78DA4240-610F-4DE8-A6E0-6E188C2BD45E}.Release|Any CPU.ActiveCfg = Release|Any CPU
		{78DA4240-610F-4DE8-A6E0-6E188C2BD45E}.Release|Any CPU.Build.0 = Release|Any CPU
		{78DA4240-610F-4DE8-A6E0-6E188C2BD45E}.Release|x64.ActiveCfg = Release|Any CPU
		{78DA4240-610F-4DE8-A6E0-6E188C2BD45E}.Release|x64.Build.0 = Release|Any CPU
		{78DA4240-610F-4DE8-A6E0-6E188C2BD45E}.Release|x86.ActiveCfg = Release|Any CPU
		{78DA4240-610F-4DE8-A6E0-6E188C2BD45E}.Release|x86.Build.0 = Release|Any CPU
		{D7EF052B-113D-4E93-AA47-51BCA51B2A8B}.Debug|Any CPU.ActiveCfg = Debug|Any CPU
		{D7EF052B-113D-4E93-AA47-51BCA51B2A8B}.Debug|Any CPU.Build.0 = Debug|Any CPU
		{D7EF052B-113D-4E93-AA47-51BCA51B2A8B}.Debug|x64.ActiveCfg = Debug|Any CPU
		{D7EF052B-113D-4E93-AA47-51BCA51B2A8B}.Debug|x64.Build.0 = Debug|Any CPU
		{D7EF052B-113D-4E93-AA47-51BCA51B2A8B}.Debug|x86.ActiveCfg = Debug|Any CPU
		{D7EF052B-113D-4E93-AA47-51BCA51B2A8B}.Debug|x86.Build.0 = Debug|Any CPU
		{D7EF052B-113D-4E93-AA47-51BCA51B2A8B}.Release|Any CPU.ActiveCfg = Release|Any CPU
		{D7EF052B-113D-4E93-AA47-51BCA51B2A8B}.Release|Any CPU.Build.0 = Release|Any CPU
		{D7EF052B-113D-4E93-AA47-51BCA51B2A8B}.Release|x64.ActiveCfg = Release|Any CPU
		{D7EF052B-113D-4E93-AA47-51BCA51B2A8B}.Release|x64.Build.0 = Release|Any CPU
		{D7EF052B-113D-4E93-AA47-51BCA51B2A8B}.Release|x86.ActiveCfg = Release|Any CPU
		{D7EF052B-113D-4E93-AA47-51BCA51B2A8B}.Release|x86.Build.0 = Release|Any CPU
		{3112A9F3-24EA-42E6-83DE-9F0FD07A853B}.Debug|Any CPU.ActiveCfg = Debug|Any CPU
		{3112A9F3-24EA-42E6-83DE-9F0FD07A853B}.Debug|Any CPU.Build.0 = Debug|Any CPU
		{3112A9F3-24EA-42E6-83DE-9F0FD07A853B}.Debug|x64.ActiveCfg = Debug|Any CPU
		{3112A9F3-24EA-42E6-83DE-9F0FD07A853B}.Debug|x64.Build.0 = Debug|Any CPU
		{3112A9F3-24EA-42E6-83DE-9F0FD07A853B}.Debug|x86.ActiveCfg = Debug|Any CPU
		{3112A9F3-24EA-42E6-83DE-9F0FD07A853B}.Debug|x86.Build.0 = Debug|Any CPU
		{3112A9F3-24EA-42E6-83DE-9F0FD07A853B}.Release|Any CPU.ActiveCfg = Release|Any CPU
		{3112A9F3-24EA-42E6-83DE-9F0FD07A853B}.Release|Any CPU.Build.0 = Release|Any CPU
		{3112A9F3-24EA-42E6-83DE-9F0FD07A853B}.Release|x64.ActiveCfg = Release|Any CPU
		{3112A9F3-24EA-42E6-83DE-9F0FD07A853B}.Release|x64.Build.0 = Release|Any CPU
		{3112A9F3-24EA-42E6-83DE-9F0FD07A853B}.Release|x86.ActiveCfg = Release|Any CPU
		{3112A9F3-24EA-42E6-83DE-9F0FD07A853B}.Release|x86.Build.0 = Release|Any CPU
		{6C606A9D-5C85-4F6A-814A-4A2DF0DDFFBD}.Debug|Any CPU.ActiveCfg = Debug|Any CPU
		{6C606A9D-5C85-4F6A-814A-4A2DF0DDFFBD}.Debug|Any CPU.Build.0 = Debug|Any CPU
		{6C606A9D-5C85-4F6A-814A-4A2DF0DDFFBD}.Debug|x64.ActiveCfg = Debug|Any CPU
		{6C606A9D-5C85-4F6A-814A-4A2DF0DDFFBD}.Debug|x64.Build.0 = Debug|Any CPU
		{6C606A9D-5C85-4F6A-814A-4A2DF0DDFFBD}.Debug|x86.ActiveCfg = Debug|Any CPU
		{6C606A9D-5C85-4F6A-814A-4A2DF0DDFFBD}.Debug|x86.Build.0 = Debug|Any CPU
		{6C606A9D-5C85-4F6A-814A-4A2DF0DDFFBD}.Release|Any CPU.ActiveCfg = Release|Any CPU
		{6C606A9D-5C85-4F6A-814A-4A2DF0DDFFBD}.Release|Any CPU.Build.0 = Release|Any CPU
		{6C606A9D-5C85-4F6A-814A-4A2DF0DDFFBD}.Release|x64.ActiveCfg = Release|Any CPU
		{6C606A9D-5C85-4F6A-814A-4A2DF0DDFFBD}.Release|x64.Build.0 = Release|Any CPU
		{6C606A9D-5C85-4F6A-814A-4A2DF0DDFFBD}.Release|x86.ActiveCfg = Release|Any CPU
		{6C606A9D-5C85-4F6A-814A-4A2DF0DDFFBD}.Release|x86.Build.0 = Release|Any CPU
		{D2FFD511-9E72-4A03-A197-5C8B01F771C9}.Debug|Any CPU.ActiveCfg = Debug|Any CPU
		{D2FFD511-9E72-4A03-A197-5C8B01F771C9}.Debug|Any CPU.Build.0 = Debug|Any CPU
		{D2FFD511-9E72-4A03-A197-5C8B01F771C9}.Debug|x64.ActiveCfg = Debug|Any CPU
		{D2FFD511-9E72-4A03-A197-5C8B01F771C9}.Debug|x64.Build.0 = Debug|Any CPU
		{D2FFD511-9E72-4A03-A197-5C8B01F771C9}.Debug|x86.ActiveCfg = Debug|Any CPU
		{D2FFD511-9E72-4A03-A197-5C8B01F771C9}.Debug|x86.Build.0 = Debug|Any CPU
		{D2FFD511-9E72-4A03-A197-5C8B01F771C9}.Release|Any CPU.ActiveCfg = Release|Any CPU
		{D2FFD511-9E72-4A03-A197-5C8B01F771C9}.Release|Any CPU.Build.0 = Release|Any CPU
		{D2FFD511-9E72-4A03-A197-5C8B01F771C9}.Release|x64.ActiveCfg = Release|Any CPU
		{D2FFD511-9E72-4A03-A197-5C8B01F771C9}.Release|x64.Build.0 = Release|Any CPU
		{D2FFD511-9E72-4A03-A197-5C8B01F771C9}.Release|x86.ActiveCfg = Release|Any CPU
		{D2FFD511-9E72-4A03-A197-5C8B01F771C9}.Release|x86.Build.0 = Release|Any CPU
		{49B3D608-8699-4B71-A57B-CDB5CD63B052}.Debug|Any CPU.ActiveCfg = Debug|Any CPU
		{49B3D608-8699-4B71-A57B-CDB5CD63B052}.Debug|Any CPU.Build.0 = Debug|Any CPU
		{49B3D608-8699-4B71-A57B-CDB5CD63B052}.Debug|x64.ActiveCfg = Debug|Any CPU
		{49B3D608-8699-4B71-A57B-CDB5CD63B052}.Debug|x64.Build.0 = Debug|Any CPU
		{49B3D608-8699-4B71-A57B-CDB5CD63B052}.Debug|x86.ActiveCfg = Debug|Any CPU
		{49B3D608-8699-4B71-A57B-CDB5CD63B052}.Debug|x86.Build.0 = Debug|Any CPU
		{49B3D608-8699-4B71-A57B-CDB5CD63B052}.Release|Any CPU.ActiveCfg = Release|Any CPU
		{49B3D608-8699-4B71-A57B-CDB5CD63B052}.Release|Any CPU.Build.0 = Release|Any CPU
		{49B3D608-8699-4B71-A57B-CDB5CD63B052}.Release|x64.ActiveCfg = Release|Any CPU
		{49B3D608-8699-4B71-A57B-CDB5CD63B052}.Release|x64.Build.0 = Release|Any CPU
		{49B3D608-8699-4B71-A57B-CDB5CD63B052}.Release|x86.ActiveCfg = Release|Any CPU
		{49B3D608-8699-4B71-A57B-CDB5CD63B052}.Release|x86.Build.0 = Release|Any CPU
		{300F163C-C0DC-4216-B0B2-1F26FD1F756A}.Debug|Any CPU.ActiveCfg = Debug|Any CPU
		{300F163C-C0DC-4216-B0B2-1F26FD1F756A}.Debug|Any CPU.Build.0 = Debug|Any CPU
		{300F163C-C0DC-4216-B0B2-1F26FD1F756A}.Debug|x64.ActiveCfg = Debug|Any CPU
		{300F163C-C0DC-4216-B0B2-1F26FD1F756A}.Debug|x64.Build.0 = Debug|Any CPU
		{300F163C-C0DC-4216-B0B2-1F26FD1F756A}.Debug|x86.ActiveCfg = Debug|Any CPU
		{300F163C-C0DC-4216-B0B2-1F26FD1F756A}.Debug|x86.Build.0 = Debug|Any CPU
		{300F163C-C0DC-4216-B0B2-1F26FD1F756A}.Release|Any CPU.ActiveCfg = Release|Any CPU
		{300F163C-C0DC-4216-B0B2-1F26FD1F756A}.Release|Any CPU.Build.0 = Release|Any CPU
		{300F163C-C0DC-4216-B0B2-1F26FD1F756A}.Release|x64.ActiveCfg = Release|Any CPU
		{300F163C-C0DC-4216-B0B2-1F26FD1F756A}.Release|x64.Build.0 = Release|Any CPU
		{300F163C-C0DC-4216-B0B2-1F26FD1F756A}.Release|x86.ActiveCfg = Release|Any CPU
		{300F163C-C0DC-4216-B0B2-1F26FD1F756A}.Release|x86.Build.0 = Release|Any CPU
		{EE0D67DE-27C9-4905-897C-86C705C82C11}.Debug|Any CPU.ActiveCfg = Debug|Any CPU
		{EE0D67DE-27C9-4905-897C-86C705C82C11}.Debug|Any CPU.Build.0 = Debug|Any CPU
		{EE0D67DE-27C9-4905-897C-86C705C82C11}.Debug|x64.ActiveCfg = Debug|Any CPU
		{EE0D67DE-27C9-4905-897C-86C705C82C11}.Debug|x64.Build.0 = Debug|Any CPU
		{EE0D67DE-27C9-4905-897C-86C705C82C11}.Debug|x86.ActiveCfg = Debug|Any CPU
		{EE0D67DE-27C9-4905-897C-86C705C82C11}.Debug|x86.Build.0 = Debug|Any CPU
		{EE0D67DE-27C9-4905-897C-86C705C82C11}.Release|Any CPU.ActiveCfg = Release|Any CPU
		{EE0D67DE-27C9-4905-897C-86C705C82C11}.Release|Any CPU.Build.0 = Release|Any CPU
		{EE0D67DE-27C9-4905-897C-86C705C82C11}.Release|x64.ActiveCfg = Release|Any CPU
		{EE0D67DE-27C9-4905-897C-86C705C82C11}.Release|x64.Build.0 = Release|Any CPU
		{EE0D67DE-27C9-4905-897C-86C705C82C11}.Release|x86.ActiveCfg = Release|Any CPU
		{EE0D67DE-27C9-4905-897C-86C705C82C11}.Release|x86.Build.0 = Release|Any CPU
		{B1C2D3E4-F5A6-7890-BCDE-F12345678901}.Debug|Any CPU.ActiveCfg = Debug|Any CPU
		{B1C2D3E4-F5A6-7890-BCDE-F12345678901}.Debug|Any CPU.Build.0 = Debug|Any CPU
		{B1C2D3E4-F5A6-7890-BCDE-F12345678901}.Debug|x64.ActiveCfg = Debug|Any CPU
		{B1C2D3E4-F5A6-7890-BCDE-F12345678901}.Debug|x64.Build.0 = Debug|Any CPU
		{B1C2D3E4-F5A6-7890-BCDE-F12345678901}.Debug|x86.ActiveCfg = Debug|Any CPU
		{B1C2D3E4-F5A6-7890-BCDE-F12345678901}.Debug|x86.Build.0 = Debug|Any CPU
		{B1C2D3E4-F5A6-7890-BCDE-F12345678901}.Release|Any CPU.ActiveCfg = Release|Any CPU
		{B1C2D3E4-F5A6-7890-BCDE-F12345678901}.Release|Any CPU.Build.0 = Release|Any CPU
		{B1C2D3E4-F5A6-7890-BCDE-F12345678901}.Release|x64.ActiveCfg = Release|Any CPU
		{B1C2D3E4-F5A6-7890-BCDE-F12345678901}.Release|x64.Build.0 = Release|Any CPU
		{B1C2D3E4-F5A6-7890-BCDE-F12345678901}.Release|x86.ActiveCfg = Release|Any CPU
		{B1C2D3E4-F5A6-7890-BCDE-F12345678901}.Release|x86.Build.0 = Release|Any CPU
		{C2D3E4F5-A6B7-8901-CDEF-123456789012}.Debug|Any CPU.ActiveCfg = Debug|Any CPU
		{C2D3E4F5-A6B7-8901-CDEF-123456789012}.Debug|Any CPU.Build.0 = Debug|Any CPU
		{C2D3E4F5-A6B7-8901-CDEF-123456789012}.Debug|x64.ActiveCfg = Debug|Any CPU
		{C2D3E4F5-A6B7-8901-CDEF-123456789012}.Debug|x64.Build.0 = Debug|Any CPU
		{C2D3E4F5-A6B7-8901-CDEF-123456789012}.Debug|x86.ActiveCfg = Debug|Any CPU
		{C2D3E4F5-A6B7-8901-CDEF-123456789012}.Debug|x86.Build.0 = Debug|Any CPU
		{C2D3E4F5-A6B7-8901-CDEF-123456789012}.Release|Any CPU.ActiveCfg = Release|Any CPU
		{C2D3E4F5-A6B7-8901-CDEF-123456789012}.Release|Any CPU.Build.0 = Release|Any CPU
		{C2D3E4F5-A6B7-8901-CDEF-123456789012}.Release|x64.ActiveCfg = Release|Any CPU
		{C2D3E4F5-A6B7-8901-CDEF-123456789012}.Release|x64.Build.0 = Release|Any CPU
		{C2D3E4F5-A6B7-8901-CDEF-123456789012}.Release|x86.ActiveCfg = Release|Any CPU
		{C2D3E4F5-A6B7-8901-CDEF-123456789012}.Release|x86.Build.0 = Release|Any CPU
		{D3E4F5A6-B7C8-9012-DEF1-234567890123}.Debug|Any CPU.ActiveCfg = Debug|Any CPU
		{D3E4F5A6-B7C8-9012-DEF1-234567890123}.Debug|Any CPU.Build.0 = Debug|Any CPU
		{D3E4F5A6-B7C8-9012-DEF1-234567890123}.Debug|x64.ActiveCfg = Debug|Any CPU
		{D3E4F5A6-B7C8-9012-DEF1-234567890123}.Debug|x64.Build.0 = Debug|Any CPU
		{D3E4F5A6-B7C8-9012-DEF1-234567890123}.Debug|x86.ActiveCfg = Debug|Any CPU
		{D3E4F5A6-B7C8-9012-DEF1-234567890123}.Debug|x86.Build.0 = Debug|Any CPU
		{D3E4F5A6-B7C8-9012-DEF1-234567890123}.Release|Any CPU.ActiveCfg = Release|Any CPU
		{D3E4F5A6-B7C8-9012-DEF1-234567890123}.Release|Any CPU.Build.0 = Release|Any CPU
		{D3E4F5A6-B7C8-9012-DEF1-234567890123}.Release|x64.ActiveCfg = Release|Any CPU
		{D3E4F5A6-B7C8-9012-DEF1-234567890123}.Release|x64.Build.0 = Release|Any CPU
		{D3E4F5A6-B7C8-9012-DEF1-234567890123}.Release|x86.ActiveCfg = Release|Any CPU
		{D3E4F5A6-B7C8-9012-DEF1-234567890123}.Release|x86.Build.0 = Release|Any CPU
		{23A7B38F-AFE8-46A2-8737-1F32AE67AA78}.Debug|Any CPU.ActiveCfg = Debug|Any CPU
		{23A7B38F-AFE8-46A2-8737-1F32AE67AA78}.Debug|Any CPU.Build.0 = Debug|Any CPU
		{23A7B38F-AFE8-46A2-8737-1F32AE67AA78}.Debug|x64.ActiveCfg = Debug|Any CPU
		{23A7B38F-AFE8-46A2-8737-1F32AE67AA78}.Debug|x64.Build.0 = Debug|Any CPU
		{23A7B38F-AFE8-46A2-8737-1F32AE67AA78}.Debug|x86.ActiveCfg = Debug|Any CPU
		{23A7B38F-AFE8-46A2-8737-1F32AE67AA78}.Debug|x86.Build.0 = Debug|Any CPU
		{23A7B38F-AFE8-46A2-8737-1F32AE67AA78}.Release|Any CPU.ActiveCfg = Release|Any CPU
		{23A7B38F-AFE8-46A2-8737-1F32AE67AA78}.Release|Any CPU.Build.0 = Release|Any CPU
		{23A7B38F-AFE8-46A2-8737-1F32AE67AA78}.Release|x64.ActiveCfg = Release|Any CPU
		{23A7B38F-AFE8-46A2-8737-1F32AE67AA78}.Release|x64.Build.0 = Release|Any CPU
		{23A7B38F-AFE8-46A2-8737-1F32AE67AA78}.Release|x86.ActiveCfg = Release|Any CPU
		{23A7B38F-AFE8-46A2-8737-1F32AE67AA78}.Release|x86.Build.0 = Release|Any CPU
		{D0532747-C200-4434-B247-B4AF9314DC9C}.Debug|Any CPU.ActiveCfg = Debug|Any CPU
		{D0532747-C200-4434-B247-B4AF9314DC9C}.Debug|Any CPU.Build.0 = Debug|Any CPU
		{D0532747-C200-4434-B247-B4AF9314DC9C}.Debug|x64.ActiveCfg = Debug|Any CPU
		{D0532747-C200-4434-B247-B4AF9314DC9C}.Debug|x64.Build.0 = Debug|Any CPU
		{D0532747-C200-4434-B247-B4AF9314DC9C}.Debug|x86.ActiveCfg = Debug|Any CPU
		{D0532747-C200-4434-B247-B4AF9314DC9C}.Debug|x86.Build.0 = Debug|Any CPU
		{D0532747-C200-4434-B247-B4AF9314DC9C}.Release|Any CPU.ActiveCfg = Release|Any CPU
		{D0532747-C200-4434-B247-B4AF9314DC9C}.Release|Any CPU.Build.0 = Release|Any CPU
		{D0532747-C200-4434-B247-B4AF9314DC9C}.Release|x64.ActiveCfg = Release|Any CPU
		{D0532747-C200-4434-B247-B4AF9314DC9C}.Release|x64.Build.0 = Release|Any CPU
		{D0532747-C200-4434-B247-B4AF9314DC9C}.Release|x86.ActiveCfg = Release|Any CPU
		{D0532747-C200-4434-B247-B4AF9314DC9C}.Release|x86.Build.0 = Release|Any CPU
		{62700C5C-5830-439B-93C6-45BB17413E42}.Debug|Any CPU.ActiveCfg = Debug|Any CPU
		{62700C5C-5830-439B-93C6-45BB17413E42}.Debug|Any CPU.Build.0 = Debug|Any CPU
		{62700C5C-5830-439B-93C6-45BB17413E42}.Debug|x64.ActiveCfg = Debug|Any CPU
		{62700C5C-5830-439B-93C6-45BB17413E42}.Debug|x64.Build.0 = Debug|Any CPU
		{62700C5C-5830-439B-93C6-45BB17413E42}.Debug|x86.ActiveCfg = Debug|Any CPU
		{62700C5C-5830-439B-93C6-45BB17413E42}.Debug|x86.Build.0 = Debug|Any CPU
		{62700C5C-5830-439B-93C6-45BB17413E42}.Release|Any CPU.ActiveCfg = Release|Any CPU
		{62700C5C-5830-439B-93C6-45BB17413E42}.Release|Any CPU.Build.0 = Release|Any CPU
		{62700C5C-5830-439B-93C6-45BB17413E42}.Release|x64.ActiveCfg = Release|Any CPU
		{62700C5C-5830-439B-93C6-45BB17413E42}.Release|x64.Build.0 = Release|Any CPU
		{62700C5C-5830-439B-93C6-45BB17413E42}.Release|x86.ActiveCfg = Release|Any CPU
		{62700C5C-5830-439B-93C6-45BB17413E42}.Release|x86.Build.0 = Release|Any CPU
		{9F0111E6-9966-44EB-828E-F189DA657C6F}.Debug|Any CPU.ActiveCfg = Debug|Any CPU
		{9F0111E6-9966-44EB-828E-F189DA657C6F}.Debug|Any CPU.Build.0 = Debug|Any CPU
		{9F0111E6-9966-44EB-828E-F189DA657C6F}.Debug|x64.ActiveCfg = Debug|Any CPU
		{9F0111E6-9966-44EB-828E-F189DA657C6F}.Debug|x64.Build.0 = Debug|Any CPU
		{9F0111E6-9966-44EB-828E-F189DA657C6F}.Debug|x86.ActiveCfg = Debug|Any CPU
		{9F0111E6-9966-44EB-828E-F189DA657C6F}.Debug|x86.Build.0 = Debug|Any CPU
		{9F0111E6-9966-44EB-828E-F189DA657C6F}.Release|Any CPU.ActiveCfg = Release|Any CPU
		{9F0111E6-9966-44EB-828E-F189DA657C6F}.Release|Any CPU.Build.0 = Release|Any CPU
		{9F0111E6-9966-44EB-828E-F189DA657C6F}.Release|x64.ActiveCfg = Release|Any CPU
		{9F0111E6-9966-44EB-828E-F189DA657C6F}.Release|x64.Build.0 = Release|Any CPU
		{9F0111E6-9966-44EB-828E-F189DA657C6F}.Release|x86.ActiveCfg = Release|Any CPU
		{9F0111E6-9966-44EB-828E-F189DA657C6F}.Release|x86.Build.0 = Release|Any CPU
		{17DD9F7A-E895-4CD3-B2CE-B4D514FCAFCA}.Debug|Any CPU.ActiveCfg = Debug|Any CPU
		{17DD9F7A-E895-4CD3-B2CE-B4D514FCAFCA}.Debug|Any CPU.Build.0 = Debug|Any CPU
		{17DD9F7A-E895-4CD3-B2CE-B4D514FCAFCA}.Debug|x64.ActiveCfg = Debug|Any CPU
		{17DD9F7A-E895-4CD3-B2CE-B4D514FCAFCA}.Debug|x64.Build.0 = Debug|Any CPU
		{17DD9F7A-E895-4CD3-B2CE-B4D514FCAFCA}.Debug|x86.ActiveCfg = Debug|Any CPU
		{17DD9F7A-E895-4CD3-B2CE-B4D514FCAFCA}.Debug|x86.Build.0 = Debug|Any CPU
		{17DD9F7A-E895-4CD3-B2CE-B4D514FCAFCA}.Release|Any CPU.ActiveCfg = Release|Any CPU
		{17DD9F7A-E895-4CD3-B2CE-B4D514FCAFCA}.Release|Any CPU.Build.0 = Release|Any CPU
		{17DD9F7A-E895-4CD3-B2CE-B4D514FCAFCA}.Release|x64.ActiveCfg = Release|Any CPU
		{17DD9F7A-E895-4CD3-B2CE-B4D514FCAFCA}.Release|x64.Build.0 = Release|Any CPU
		{17DD9F7A-E895-4CD3-B2CE-B4D514FCAFCA}.Release|x86.ActiveCfg = Release|Any CPU
		{17DD9F7A-E895-4CD3-B2CE-B4D514FCAFCA}.Release|x86.Build.0 = Release|Any CPU
		{1E1E3888-2CE3-4056-A43B-0244BE4DF693}.Debug|Any CPU.ActiveCfg = Debug|Any CPU
		{1E1E3888-2CE3-4056-A43B-0244BE4DF693}.Debug|Any CPU.Build.0 = Debug|Any CPU
		{1E1E3888-2CE3-4056-A43B-0244BE4DF693}.Debug|x64.ActiveCfg = Debug|Any CPU
		{1E1E3888-2CE3-4056-A43B-0244BE4DF693}.Debug|x64.Build.0 = Debug|Any CPU
		{1E1E3888-2CE3-4056-A43B-0244BE4DF693}.Debug|x86.ActiveCfg = Debug|Any CPU
		{1E1E3888-2CE3-4056-A43B-0244BE4DF693}.Debug|x86.Build.0 = Debug|Any CPU
		{1E1E3888-2CE3-4056-A43B-0244BE4DF693}.Release|Any CPU.ActiveCfg = Release|Any CPU
		{1E1E3888-2CE3-4056-A43B-0244BE4DF693}.Release|Any CPU.Build.0 = Release|Any CPU
		{1E1E3888-2CE3-4056-A43B-0244BE4DF693}.Release|x64.ActiveCfg = Release|Any CPU
		{1E1E3888-2CE3-4056-A43B-0244BE4DF693}.Release|x64.Build.0 = Release|Any CPU
		{1E1E3888-2CE3-4056-A43B-0244BE4DF693}.Release|x86.ActiveCfg = Release|Any CPU
		{1E1E3888-2CE3-4056-A43B-0244BE4DF693}.Release|x86.Build.0 = Release|Any CPU
	EndGlobalSection
	GlobalSection(SolutionProperties) = preSolution
		HideSolutionNode = FALSE
	EndGlobalSection
	GlobalSection(NestedProjects) = preSolution
		{ADF68131-EC39-4648-B640-E4F2C09EE3D2} = {A1B2C3D4-E5F6-7890-ABCD-EF1234567890}
		{E5F6A7B8-C9D0-1234-EF12-567890123456} = {A1B2C3D4-E5F6-7890-ABCD-EF1234567890}
		{7FA0A47B-7556-4F7D-869D-744000F071D0} = {D4E5F6A7-B8C9-0123-DEF1-456789012345}
		{6A048219-87B6-4063-9E6B-D76490244A39} = {D4E5F6A7-B8C9-0123-DEF1-456789012345}
		{F1A2B3C4-D5E6-7890-ABCD-111111111111} = {7FA0A47B-7556-4F7D-869D-744000F071D0}
		{F5B6C7D8-E9F0-1234-5678-AAAAAAAAAAAA} = {F1A2B3C4-D5E6-7890-ABCD-111111111111}
		{F6C7D8E9-F0A1-2345-6789-BBBBBBBBBBBB} = {F1A2B3C4-D5E6-7890-ABCD-111111111111}
		{F7D8E9F0-A1B2-3456-789A-CCCCCCCCCCCC} = {F1A2B3C4-D5E6-7890-ABCD-111111111111}
		{F2A3B4C5-D6E7-8901-BCDE-222222222222} = {7FA0A47B-7556-4F7D-869D-744000F071D0}
		{78DA4240-610F-4DE8-A6E0-6E188C2BD45E} = {ADF68131-EC39-4648-B640-E4F2C09EE3D2}
		{D7EF052B-113D-4E93-AA47-51BCA51B2A8B} = {ADF68131-EC39-4648-B640-E4F2C09EE3D2}
		{3112A9F3-24EA-42E6-83DE-9F0FD07A853B} = {ADF68131-EC39-4648-B640-E4F2C09EE3D2}
		{6C606A9D-5C85-4F6A-814A-4A2DF0DDFFBD} = {ADF68131-EC39-4648-B640-E4F2C09EE3D2}
		{D2FFD511-9E72-4A03-A197-5C8B01F771C9} = {ADF68131-EC39-4648-B640-E4F2C09EE3D2}
		{49B3D608-8699-4B71-A57B-CDB5CD63B052} = {ADF68131-EC39-4648-B640-E4F2C09EE3D2}
		{300F163C-C0DC-4216-B0B2-1F26FD1F756A} = {ADF68131-EC39-4648-B640-E4F2C09EE3D2}
		{EE0D67DE-27C9-4905-897C-86C705C82C11} = {ADF68131-EC39-4648-B640-E4F2C09EE3D2}
		{B1C2D3E4-F5A6-7890-BCDE-F12345678901} = {ADF68131-EC39-4648-B640-E4F2C09EE3D2}
		{C2D3E4F5-A6B7-8901-CDEF-123456789012} = {ADF68131-EC39-4648-B640-E4F2C09EE3D2}
		{D3E4F5A6-B7C8-9012-DEF1-234567890123} = {ADF68131-EC39-4648-B640-E4F2C09EE3D2}
		{F3A4B5C6-D7E8-9012-CDEF-333333333333} = {ADF68131-EC39-4648-B640-E4F2C09EE3D2}
		{23A7B38F-AFE8-46A2-8737-1F32AE67AA78} = {E5F6A7B8-C9D0-1234-EF12-567890123456}
		{F4A5B6C7-D8E9-0123-DEF0-444444444444} = {E5F6A7B8-C9D0-1234-EF12-567890123456}
		{34F2C870-6653-488D-9AD4-7968BED44481} = {ADF68131-EC39-4648-B640-E4F2C09EE3D2}
		{D0532747-C200-4434-B247-B4AF9314DC9C} = {34F2C870-6653-488D-9AD4-7968BED44481}
		{4ADC967D-705C-4C4D-9C5F-01DF634F3154} = {107FC243-C9C8-41E4-8B10-806DFB2CE0F0}
		{AA7ED9E6-F41F-4B10-A667-EEAE0D9103F7} = {107FC243-C9C8-41E4-8B10-806DFB2CE0F0}
		{62700C5C-5830-439B-93C6-45BB17413E42} = {ADF68131-EC39-4648-B640-E4F2C09EE3D2}
		{9F0111E6-9966-44EB-828E-F189DA657C6F} = {ADF68131-EC39-4648-B640-E4F2C09EE3D2}
		{17DD9F7A-E895-4CD3-B2CE-B4D514FCAFCA} = {ADF68131-EC39-4648-B640-E4F2C09EE3D2}
		{1E1E3888-2CE3-4056-A43B-0244BE4DF693} = {ADF68131-EC39-4648-B640-E4F2C09EE3D2}
	EndGlobalSection
EndGlobal
