
Microsoft Visual Studio Solution File, Format Version 12.00
# Visual Studio Version 17
VisualStudioVersion = 17.0.31903.59
MinimumVisualStudioVersion = 10.0.40219.1
Project("{FAE04EC0-301F-11D3-BF4B-00C04F79EFBC}") = "Mercury.Cli.Turtle", "src\Mercury.Cli.Turtle\Mercury.Cli.Turtle.csproj", "{49B3D608-8699-4B71-A57B-CDB5CD63B052}"
EndProject
Project("{FAE04EC0-301F-11D3-BF4B-00C04F79EFBC}") = "Mercury.Cli.Sparql", "src\Mercury.Cli.Sparql\Mercury.Cli.Sparql.csproj", "{300F163C-C0DC-4216-B0B2-1F26FD1F756A}"
EndProject
Project("{2150E333-8FDC-42A3-9474-1A3956D46DE8}") = "Documentation & Architecture", "Documentation & Architecture", "{7FA0A47B-7556-4F7D-869D-744000F071D0}"
	ProjectSection(SolutionItems) = preProject
		CLAUDE.md = CLAUDE.md
		README.md = README.md
	EndProjectSection
EndProject
Project("{2150E333-8FDC-42A3-9474-1A3956D46DE8}") = "Infrastructure", "Infrastructure", "{6A048219-87B6-4063-9E6B-D76490244A39}"
	ProjectSection(SolutionItems) = preProject
		.gitignore = .gitignore
	EndProjectSection
EndProject
Project("{FAE04EC0-301F-11D3-BF4B-00C04F79EFBC}") = "Mercury", "src\Mercury\Mercury.csproj", "{78DA4240-610F-4DE8-A6E0-6E188C2BD45E}"
EndProject
Project("{FAE04EC0-301F-11D3-BF4B-00C04F79EFBC}") = "Mercury.Tests", "tests\Mercury.Tests\Mercury.Tests.csproj", "{B1C2D3E4-F5A6-7890-BCDE-F12345678901}"
EndProject
Project("{FAE04EC0-301F-11D3-BF4B-00C04F79EFBC}") = "Mercury.Benchmarks", "benchmarks\Mercury.Benchmarks\Mercury.Benchmarks.csproj", "{C2D3E4F5-A6B7-8901-CDEF-123456789012}"
EndProject
Project("{FAE04EC0-301F-11D3-BF4B-00C04F79EFBC}") = "Mercury.Examples", "examples\Mercury.Examples\Mercury.Examples.csproj", "{D3E4F5A6-B7C8-9012-DEF1-234567890123}"
EndProject
Global
	GlobalSection(SolutionConfigurationPlatforms) = preSolution
		Debug|Any CPU = Debug|Any CPU
		Release|Any CPU = Release|Any CPU
	EndGlobalSection
	GlobalSection(SolutionProperties) = preSolution
		HideSolutionNode = FALSE
	EndGlobalSection
	GlobalSection(ProjectConfigurationPlatforms) = postSolution
		{49B3D608-8699-4B71-A57B-CDB5CD63B052}.Debug|Any CPU.ActiveCfg = Debug|Any CPU
		{49B3D608-8699-4B71-A57B-CDB5CD63B052}.Debug|Any CPU.Build.0 = Debug|Any CPU
		{49B3D608-8699-4B71-A57B-CDB5CD63B052}.Release|Any CPU.ActiveCfg = Release|Any CPU
		{49B3D608-8699-4B71-A57B-CDB5CD63B052}.Release|Any CPU.Build.0 = Release|Any CPU
		{300F163C-C0DC-4216-B0B2-1F26FD1F756A}.Debug|Any CPU.ActiveCfg = Debug|Any CPU
		{300F163C-C0DC-4216-B0B2-1F26FD1F756A}.Debug|Any CPU.Build.0 = Debug|Any CPU
		{300F163C-C0DC-4216-B0B2-1F26FD1F756A}.Release|Any CPU.ActiveCfg = Release|Any CPU
		{300F163C-C0DC-4216-B0B2-1F26FD1F756A}.Release|Any CPU.Build.0 = Release|Any CPU
		{78DA4240-610F-4DE8-A6E0-6E188C2BD45E}.Debug|Any CPU.ActiveCfg = Debug|Any CPU
		{78DA4240-610F-4DE8-A6E0-6E188C2BD45E}.Debug|Any CPU.Build.0 = Debug|Any CPU
		{78DA4240-610F-4DE8-A6E0-6E188C2BD45E}.Release|Any CPU.ActiveCfg = Release|Any CPU
		{78DA4240-610F-4DE8-A6E0-6E188C2BD45E}.Release|Any CPU.Build.0 = Release|Any CPU
		{B1C2D3E4-F5A6-7890-BCDE-F12345678901}.Debug|Any CPU.ActiveCfg = Debug|Any CPU
		{B1C2D3E4-F5A6-7890-BCDE-F12345678901}.Debug|Any CPU.Build.0 = Debug|Any CPU
		{B1C2D3E4-F5A6-7890-BCDE-F12345678901}.Release|Any CPU.ActiveCfg = Release|Any CPU
		{B1C2D3E4-F5A6-7890-BCDE-F12345678901}.Release|Any CPU.Build.0 = Release|Any CPU
		{C2D3E4F5-A6B7-8901-CDEF-123456789012}.Debug|Any CPU.ActiveCfg = Debug|Any CPU
		{C2D3E4F5-A6B7-8901-CDEF-123456789012}.Debug|Any CPU.Build.0 = Debug|Any CPU
		{C2D3E4F5-A6B7-8901-CDEF-123456789012}.Release|Any CPU.ActiveCfg = Release|Any CPU
		{C2D3E4F5-A6B7-8901-CDEF-123456789012}.Release|Any CPU.Build.0 = Release|Any CPU
		{D3E4F5A6-B7C8-9012-DEF1-234567890123}.Debug|Any CPU.ActiveCfg = Debug|Any CPU
		{D3E4F5A6-B7C8-9012-DEF1-234567890123}.Debug|Any CPU.Build.0 = Debug|Any CPU
		{D3E4F5A6-B7C8-9012-DEF1-234567890123}.Release|Any CPU.ActiveCfg = Release|Any CPU
		{D3E4F5A6-B7C8-9012-DEF1-234567890123}.Release|Any CPU.Build.0 = Release|Any CPU
	EndGlobalSection
EndGlobal
